# This file is automatically @generated by Poetry 1.7.1 and should not be changed by hand.

[[package]]
name = "mlx"
version = "0.14.0"
description = "A framework for machine learning on Apple silicon."
optional = false
python-versions = ">=3.8"
files = [
    {file = "mlx-0.14.0-cp310-cp310-macosx_13_0_arm64.whl", hash = "sha256:513dfa2a794e9f4ac191d134d0c759ceb2bb689a7f1e32307aa5dd23b2560553"},
    {file = "mlx-0.14.0-cp310-cp310-macosx_14_0_arm64.whl", hash = "sha256:0d618d853faab98840e40e475327d6965cd835429bfb875f730a4105efafeddc"},
    {file = "mlx-0.14.0-cp311-cp311-macosx_13_0_arm64.whl", hash = "sha256:39c5102091709b049c1bddd5846f07460e96b309ef937bef1f7e156acae50b08"},
    {file = "mlx-0.14.0-cp311-cp311-macosx_14_0_arm64.whl", hash = "sha256:0a5f782153a4e8558d80a70509f34ce251015c8e2341a6e9d6dabc9f2d6f081e"},
    {file = "mlx-0.14.0-cp312-cp312-macosx_13_0_arm64.whl", hash = "sha256:79496b90ace4df5df2e98e431e7f61f3fac149a775ce104d42ab9cec87815e8d"},
    {file = "mlx-0.14.0-cp312-cp312-macosx_14_0_arm64.whl", hash = "sha256:50b4a960e9b3360aae3b13796e68b52aeca6e9efe039449d30c96b2a7d8ee4a6"},
    {file = "mlx-0.14.0-cp38-cp38-macosx_13_0_arm64.whl", hash = "sha256:cad685d2244cdf14d79050fad382246a5b484ef1013a8c50b8f8625a581eb66f"},
    {file = "mlx-0.14.0-cp38-cp38-macosx_14_0_arm64.whl", hash = "sha256:e169abcc240ced5f028d0258d332b87fc67f2675f798053d902aa5f3fdce23ff"},
    {file = "mlx-0.14.0-cp39-cp39-macosx_13_0_arm64.whl", hash = "sha256:357989ea9b12258241d903cd250897b32c29d0c1062e469d427a6d9c6f67613d"},
    {file = "mlx-0.14.0-cp39-cp39-macosx_14_0_arm64.whl", hash = "sha256:50beb64ea4020a42d6663b5ca87c5d9f57934c1f6160e5c9dee958c79d99314f"},
]

[package.extras]
dev = ["pre-commit"]
testing = ["numpy", "torch"]

[metadata]
lock-version = "2.0"
python-versions = "^3.11"
content-hash = "682df5f5ed2680b6bac73a64c57b037038e0f3df5ece14371e9967595a5e7a8f"
